
Microsoft Visual Studio Solution File, Format Version 12.00
# Visual Studio Version 16
VisualStudioVersion = 16.0.31702.278
MinimumVisualStudioVersion = 10.0.40219.1
Project("{2150E333-8FDC-42A3-9474-1A3956D46DE8}") = "00.NLib", "00.NLib", "{E4620CFD-77B5-492A-BD24-D59707E33916}"
EndProject
Project("{FAE04EC0-301F-11D3-BF4B-00C04F79EFBC}") = "NLib", "00.NLib\NLib\NLib.csproj", "{41A9D6C0-C833-403F-9BC1-EECDC246A428}"
EndProject
Project("{FAE04EC0-301F-11D3-BF4B-00C04F79EFBC}") = "NLib.Reports", "00.NLib\NLib.Reports\NLib.Reports.csproj", "{5879D92A-F850-4A70-8D88-99D29F6A46F3}"
EndProject
Project("{2150E333-8FDC-42A3-9474-1A3956D46DE8}") = "01.Core", "01.Core", "{E817BF30-7A38-4D12-912D-4F03EA75010A}"
EndProject
Project("{2150E333-8FDC-42A3-9474-1A3956D46DE8}") = "02.Models", "02.Models", "{776972D5-615A-48C8-8365-920CFF8F73C4}"
EndProject
Project("{2150E333-8FDC-42A3-9474-1A3956D46DE8}") = "03.WebServices.Core", "03.WebServices.Core", "{E2B764B0-A0C1-418A-B69C-6239F0FA76A2}"
EndProject
Project("{2150E333-8FDC-42A3-9474-1A3956D46DE8}") = "04.WebServices.Clients", "04.WebServices.Clients", "{28F1A46B-5960-4D39-A3EF-983965BC0FBC}"
EndProject
Project("{2150E333-8FDC-42A3-9474-1A3956D46DE8}") = "05.WebServices.Servers", "05.WebServices.Servers", "{717981C9-A1A2-41EC-90C9-E70A7C0D3058}"
EndProject
Project("{2150E333-8FDC-42A3-9474-1A3956D46DE8}") = "08.Controls", "08.Controls", "{7FF03D6D-455E-4081-A902-BB240507AD4E}"
EndProject
Project("{2150E333-8FDC-42A3-9474-1A3956D46DE8}") = "09.App", "09.App", "{A1A449B5-5473-44BD-8236-5E2A8224428F}"
EndProject
Project("{2150E333-8FDC-42A3-9474-1A3956D46DE8}") = "10.Tests", "10.Tests", "{98EAEAF6-DBA4-40B3-B005-86C3BF239500}"
EndProject
Project("{2150E333-8FDC-42A3-9474-1A3956D46DE8}") = "11.Samples", "11.Samples", "{CEE64D80-FC93-48F5-99D8-9A8430FAC9BD}"
EndProject
Project("{2150E333-8FDC-42A3-9474-1A3956D46DE8}") = "99.Tools", "99.Tools", "{D231FD9E-47E5-45F3-874F-7D9883DCC611}"
EndProject
Project("{2150E333-8FDC-42A3-9474-1A3956D46DE8}") = "01.VSIX", "01.VSIX", "{493D2F2F-E173-43DC-B76C-8EE078A7225B}"
EndProject
Project("{2150E333-8FDC-42A3-9474-1A3956D46DE8}") = "02.RFREADER", "02.RFREADER", "{D9501D34-B7CA-4FB2-89C4-6EF99D49D155}"
	ProjectSection(SolutionItems) = preProject
		99.Tools\02.RFREADER\ICTransfer.exe = 99.Tools\02.RFREADER\ICTransfer.exe
		99.Tools\02.RFREADER\MasterCom.dll = 99.Tools\02.RFREADER\MasterCom.dll
		99.Tools\02.RFREADER\MasterRD.dll = 99.Tools\02.RFREADER\MasterRD.dll
		99.Tools\02.RFREADER\SL600 test.txt = 99.Tools\02.RFREADER\SL600 test.txt
		99.Tools\02.RFREADER\SL_Paper.dll = 99.Tools\02.RFREADER\SL_Paper.dll
	EndProjectSection
EndProject
Project("{2150E333-8FDC-42A3-9474-1A3956D46DE8}") = "ReportViewer", "ReportViewer", "{9AE33265-AF62-4A3F-B856-9BB74FD292F1}"
	ProjectSection(SolutionItems) = preProject
		99.Tools\01.VSIX\ReportViewer\Microsoft.DataTools.ReportingServices.z01 = 99.Tools\01.VSIX\ReportViewer\Microsoft.DataTools.ReportingServices.z01
		99.Tools\01.VSIX\ReportViewer\Microsoft.DataTools.ReportingServices.z02 = 99.Tools\01.VSIX\ReportViewer\Microsoft.DataTools.ReportingServices.z02
		99.Tools\01.VSIX\ReportViewer\Microsoft.DataTools.ReportingServices.zip = 99.Tools\01.VSIX\ReportViewer\Microsoft.DataTools.ReportingServices.zip
		99.Tools\01.VSIX\ReportViewer\Microsoft.RdlcDesigner.vsix = 99.Tools\01.VSIX\ReportViewer\Microsoft.RdlcDesigner.vsix
		99.Tools\01.VSIX\ReportViewer\note.txt = 99.Tools\01.VSIX\ReportViewer\note.txt
	EndProjectSection
EndProject
Project("{FAE04EC0-301F-11D3-BF4B-00C04F79EFBC}") = "DMT.Smartcard", "01.Core\DMT.Smartcard\DMT.Smartcard.csproj", "{5148ED2A-41FA-409C-BB41-36806D98BF81}"
EndProject
Project("{FAE04EC0-301F-11D3-BF4B-00C04F79EFBC}") = "DMT.Core", "01.Core\DMT.Core\DMT.Core.csproj", "{DB7FB4B5-3662-479E-A7DA-26B73611BFD4}"
EndProject
Project("{FAE04EC0-301F-11D3-BF4B-00C04F79EFBC}") = "SmartcardM1Test", "11.Samples\SmartcardM1Test\SmartcardM1Test.csproj", "{4C0B5727-1A0D-49AD-9BFE-BEE56DB81A53}"
EndProject
Project("{2150E333-8FDC-42A3-9474-1A3956D46DE8}") = "Solution Items", "Solution Items", "{9154DDA3-A77D-4B14-8CF8-6D3432271D21}"
	ProjectSection(SolutionItems) = preProject
		history.txt = history.txt
	EndProjectSection
EndProject
Project("{FAE04EC0-301F-11D3-BF4B-00C04F79EFBC}") = "DMT.RabbitMQ.Client", "03.WebServices.Core\DMT.RabbitMQ.Client\DMT.RabbitMQ.Client.csproj", "{3611BF28-56E2-4EC5-B0E2-EB844714ECA3}"
EndProject
Project("{FAE04EC0-301F-11D3-BF4B-00C04F79EFBC}") = "DMT.Rest.Client", "03.WebServices.Core\DMT.Rest.Client\DMT.Rest.Client.csproj", "{1389AC92-3759-400B-A253-285B93FA3DCE}"
EndProject
Project("{FAE04EC0-301F-11D3-BF4B-00C04F79EFBC}") = "DMT.Rest.Server", "03.WebServices.Core\DMT.Rest.Server\DMT.Rest.Server.csproj", "{08EFB01A-FA02-45CF-A0EB-C7B53B9FDC08}"
EndProject
Project("{FAE04EC0-301F-11D3-BF4B-00C04F79EFBC}") = "DMT.SCW.Rest.Client", "04.WebServices.Clients\DMT.SCW.Rest.Client\DMT.SCW.Rest.Client.csproj", "{AAD11424-7372-493B-9A8F-28D2095F241C}"
EndProject
Project("{FAE04EC0-301F-11D3-BF4B-00C04F79EFBC}") = "DMT.TA.Rest.Client", "04.WebServices.Clients\DMT.TA.Rest.Client\DMT.TA.Rest.Client.csproj", "{C91C9F2D-790C-4C4E-8705-58C7925BEBD9}"
EndProject
Project("{FAE04EC0-301F-11D3-BF4B-00C04F79EFBC}") = "DMT.TAxTOD.Rest.Client", "04.WebServices.Clients\DMT.TAxTOD.Rest.Client\DMT.TAxTOD.Rest.Client.csproj", "{9BDA5E43-B846-483B-852A-F3DA0F354256}"
EndProject
Project("{FAE04EC0-301F-11D3-BF4B-00C04F79EFBC}") = "DMT.TOD.Rest.Client", "04.WebServices.Clients\DMT.TOD.Rest.Client\DMT.TOD.Rest.Client.csproj", "{1E6A6C44-3EED-4933-8FE3-0E9EC227469E}"
EndProject
Project("{FAE04EC0-301F-11D3-BF4B-00C04F79EFBC}") = "DMT.TA.Rest.Server", "05.WebServices.Servers\DMT.TA.Rest.Server\DMT.TA.Rest.Server.csproj", "{DDE5362F-E083-421E-8AC7-B0B0133913C5}"
EndProject
Project("{FAE04EC0-301F-11D3-BF4B-00C04F79EFBC}") = "DMT.TOD.Rest.Server", "05.WebServices.Servers\DMT.TOD.Rest.Server\DMT.TOD.Rest.Server.csproj", "{C6B4AECF-7DAC-4908-868B-6DFA5513786F}"
EndProject
Project("{FAE04EC0-301F-11D3-BF4B-00C04F79EFBC}") = "DMT.Models", "02.Models\DMT.Models\DMT.Models.csproj", "{68F7BB42-D6A5-4443-9440-71FD0F257745}"
EndProject
Project("{FAE04EC0-301F-11D3-BF4B-00C04F79EFBC}") = "DMT.Plaza.Models", "02.Models\DMT.Plaza.Models\DMT.Plaza.Models.csproj", "{03120BF6-960B-4AD5-ABDB-B190037DA2C1}"
EndProject
Project("{FAE04EC0-301F-11D3-BF4B-00C04F79EFBC}") = "DMT.TA.Models", "02.Models\DMT.TA.Models\DMT.TA.Models.csproj", "{AA0E0276-05C6-475B-B604-2AB661926064}"
EndProject
Project("{FAE04EC0-301F-11D3-BF4B-00C04F79EFBC}") = "DMT.TOD.Models", "02.Models\DMT.TOD.Models\DMT.TOD.Models.csproj", "{6D9352E9-123A-4026-9081-F95FA8C49ADF}"
EndProject
Project("{FAE04EC0-301F-11D3-BF4B-00C04F79EFBC}") = "DMT.Account.Models", "02.Models\DMT.Account.Models\DMT.Account.Models.csproj", "{89C9D94D-40EE-49C7-98F0-8ABC76907879}"
EndProject
Global
	GlobalSection(SolutionConfigurationPlatforms) = preSolution
		Debug|Any CPU = Debug|Any CPU
		Release|Any CPU = Release|Any CPU
	EndGlobalSection
	GlobalSection(ProjectConfigurationPlatforms) = postSolution
		{41A9D6C0-C833-403F-9BC1-EECDC246A428}.Debug|Any CPU.ActiveCfg = Debug|Any CPU
		{41A9D6C0-C833-403F-9BC1-EECDC246A428}.Debug|Any CPU.Build.0 = Debug|Any CPU
		{41A9D6C0-C833-403F-9BC1-EECDC246A428}.Release|Any CPU.ActiveCfg = Release|Any CPU
		{41A9D6C0-C833-403F-9BC1-EECDC246A428}.Release|Any CPU.Build.0 = Release|Any CPU
		{5879D92A-F850-4A70-8D88-99D29F6A46F3}.Debug|Any CPU.ActiveCfg = Debug|Any CPU
		{5879D92A-F850-4A70-8D88-99D29F6A46F3}.Debug|Any CPU.Build.0 = Debug|Any CPU
		{5879D92A-F850-4A70-8D88-99D29F6A46F3}.Release|Any CPU.ActiveCfg = Release|Any CPU
		{5879D92A-F850-4A70-8D88-99D29F6A46F3}.Release|Any CPU.Build.0 = Release|Any CPU
		{5148ED2A-41FA-409C-BB41-36806D98BF81}.Debug|Any CPU.ActiveCfg = Debug|Any CPU
		{5148ED2A-41FA-409C-BB41-36806D98BF81}.Debug|Any CPU.Build.0 = Debug|Any CPU
		{5148ED2A-41FA-409C-BB41-36806D98BF81}.Release|Any CPU.ActiveCfg = Release|Any CPU
		{5148ED2A-41FA-409C-BB41-36806D98BF81}.Release|Any CPU.Build.0 = Release|Any CPU
		{DB7FB4B5-3662-479E-A7DA-26B73611BFD4}.Debug|Any CPU.ActiveCfg = Debug|Any CPU
		{DB7FB4B5-3662-479E-A7DA-26B73611BFD4}.Debug|Any CPU.Build.0 = Debug|Any CPU
		{DB7FB4B5-3662-479E-A7DA-26B73611BFD4}.Release|Any CPU.ActiveCfg = Release|Any CPU
		{DB7FB4B5-3662-479E-A7DA-26B73611BFD4}.Release|Any CPU.Build.0 = Release|Any CPU
		{4C0B5727-1A0D-49AD-9BFE-BEE56DB81A53}.Debug|Any CPU.ActiveCfg = Debug|Any CPU
		{4C0B5727-1A0D-49AD-9BFE-BEE56DB81A53}.Debug|Any CPU.Build.0 = Debug|Any CPU
		{4C0B5727-1A0D-49AD-9BFE-BEE56DB81A53}.Release|Any CPU.ActiveCfg = Release|Any CPU
		{4C0B5727-1A0D-49AD-9BFE-BEE56DB81A53}.Release|Any CPU.Build.0 = Release|Any CPU
		{3611BF28-56E2-4EC5-B0E2-EB844714ECA3}.Debug|Any CPU.ActiveCfg = Debug|Any CPU
		{3611BF28-56E2-4EC5-B0E2-EB844714ECA3}.Debug|Any CPU.Build.0 = Debug|Any CPU
		{3611BF28-56E2-4EC5-B0E2-EB844714ECA3}.Release|Any CPU.ActiveCfg = Release|Any CPU
		{3611BF28-56E2-4EC5-B0E2-EB844714ECA3}.Release|Any CPU.Build.0 = Release|Any CPU
		{1389AC92-3759-400B-A253-285B93FA3DCE}.Debug|Any CPU.ActiveCfg = Debug|Any CPU
		{1389AC92-3759-400B-A253-285B93FA3DCE}.Debug|Any CPU.Build.0 = Debug|Any CPU
		{1389AC92-3759-400B-A253-285B93FA3DCE}.Release|Any CPU.ActiveCfg = Release|Any CPU
		{1389AC92-3759-400B-A253-285B93FA3DCE}.Release|Any CPU.Build.0 = Release|Any CPU
		{08EFB01A-FA02-45CF-A0EB-C7B53B9FDC08}.Debug|Any CPU.ActiveCfg = Debug|Any CPU
		{08EFB01A-FA02-45CF-A0EB-C7B53B9FDC08}.Debug|Any CPU.Build.0 = Debug|Any CPU
		{08EFB01A-FA02-45CF-A0EB-C7B53B9FDC08}.Release|Any CPU.ActiveCfg = Release|Any CPU
		{08EFB01A-FA02-45CF-A0EB-C7B53B9FDC08}.Release|Any CPU.Build.0 = Release|Any CPU
		{AAD11424-7372-493B-9A8F-28D2095F241C}.Debug|Any CPU.ActiveCfg = Debug|Any CPU
		{AAD11424-7372-493B-9A8F-28D2095F241C}.Debug|Any CPU.Build.0 = Debug|Any CPU
		{AAD11424-7372-493B-9A8F-28D2095F241C}.Release|Any CPU.ActiveCfg = Release|Any CPU
		{AAD11424-7372-493B-9A8F-28D2095F241C}.Release|Any CPU.Build.0 = Release|Any CPU
		{C91C9F2D-790C-4C4E-8705-58C7925BEBD9}.Debug|Any CPU.ActiveCfg = Debug|Any CPU
		{C91C9F2D-790C-4C4E-8705-58C7925BEBD9}.Debug|Any CPU.Build.0 = Debug|Any CPU
		{C91C9F2D-790C-4C4E-8705-58C7925BEBD9}.Release|Any CPU.ActiveCfg = Release|Any CPU
		{C91C9F2D-790C-4C4E-8705-58C7925BEBD9}.Release|Any CPU.Build.0 = Release|Any CPU
		{9BDA5E43-B846-483B-852A-F3DA0F354256}.Debug|Any CPU.ActiveCfg = Debug|Any CPU
		{9BDA5E43-B846-483B-852A-F3DA0F354256}.Debug|Any CPU.Build.0 = Debug|Any CPU
		{9BDA5E43-B846-483B-852A-F3DA0F354256}.Release|Any CPU.ActiveCfg = Release|Any CPU
		{9BDA5E43-B846-483B-852A-F3DA0F354256}.Release|Any CPU.Build.0 = Release|Any CPU
		{1E6A6C44-3EED-4933-8FE3-0E9EC227469E}.Debug|Any CPU.ActiveCfg = Debug|Any CPU
		{1E6A6C44-3EED-4933-8FE3-0E9EC227469E}.Debug|Any CPU.Build.0 = Debug|Any CPU
		{1E6A6C44-3EED-4933-8FE3-0E9EC227469E}.Release|Any CPU.ActiveCfg = Release|Any CPU
		{1E6A6C44-3EED-4933-8FE3-0E9EC227469E}.Release|Any CPU.Build.0 = Release|Any CPU
		{DDE5362F-E083-421E-8AC7-B0B0133913C5}.Debug|Any CPU.ActiveCfg = Debug|Any CPU
		{DDE5362F-E083-421E-8AC7-B0B0133913C5}.Debug|Any CPU.Build.0 = Debug|Any CPU
		{DDE5362F-E083-421E-8AC7-B0B0133913C5}.Release|Any CPU.ActiveCfg = Release|Any CPU
		{DDE5362F-E083-421E-8AC7-B0B0133913C5}.Release|Any CPU.Build.0 = Release|Any CPU
		{C6B4AECF-7DAC-4908-868B-6DFA5513786F}.Debug|Any CPU.ActiveCfg = Debug|Any CPU
		{C6B4AECF-7DAC-4908-868B-6DFA5513786F}.Debug|Any CPU.Build.0 = Debug|Any CPU
		{C6B4AECF-7DAC-4908-868B-6DFA5513786F}.Release|Any CPU.ActiveCfg = Release|Any CPU
		{C6B4AECF-7DAC-4908-868B-6DFA5513786F}.Release|Any CPU.Build.0 = Release|Any CPU
		{68F7BB42-D6A5-4443-9440-71FD0F257745}.Debug|Any CPU.ActiveCfg = Debug|Any CPU
		{68F7BB42-D6A5-4443-9440-71FD0F257745}.Debug|Any CPU.Build.0 = Debug|Any CPU
		{68F7BB42-D6A5-4443-9440-71FD0F257745}.Release|Any CPU.ActiveCfg = Release|Any CPU
		{68F7BB42-D6A5-4443-9440-71FD0F257745}.Release|Any CPU.Build.0 = Release|Any CPU
		{03120BF6-960B-4AD5-ABDB-B190037DA2C1}.Debug|Any CPU.ActiveCfg = Debug|Any CPU
		{03120BF6-960B-4AD5-ABDB-B190037DA2C1}.Debug|Any CPU.Build.0 = Debug|Any CPU
		{03120BF6-960B-4AD5-ABDB-B190037DA2C1}.Release|Any CPU.ActiveCfg = Release|Any CPU
		{03120BF6-960B-4AD5-ABDB-B190037DA2C1}.Release|Any CPU.Build.0 = Release|Any CPU
		{AA0E0276-05C6-475B-B604-2AB661926064}.Debug|Any CPU.ActiveCfg = Debug|Any CPU
		{AA0E0276-05C6-475B-B604-2AB661926064}.Debug|Any CPU.Build.0 = Debug|Any CPU
		{AA0E0276-05C6-475B-B604-2AB661926064}.Release|Any CPU.ActiveCfg = Release|Any CPU
		{AA0E0276-05C6-475B-B604-2AB661926064}.Release|Any CPU.Build.0 = Release|Any CPU
		{6D9352E9-123A-4026-9081-F95FA8C49ADF}.Debug|Any CPU.ActiveCfg = Debug|Any CPU
		{6D9352E9-123A-4026-9081-F95FA8C49ADF}.Debug|Any CPU.Build.0 = Debug|Any CPU
		{6D9352E9-123A-4026-9081-F95FA8C49ADF}.Release|Any CPU.ActiveCfg = Release|Any CPU
		{6D9352E9-123A-4026-9081-F95FA8C49ADF}.Release|Any CPU.Build.0 = Release|Any CPU
		{89C9D94D-40EE-49C7-98F0-8ABC76907879}.Debug|Any CPU.ActiveCfg = Debug|Any CPU
		{89C9D94D-40EE-49C7-98F0-8ABC76907879}.Debug|Any CPU.Build.0 = Debug|Any CPU
		{89C9D94D-40EE-49C7-98F0-8ABC76907879}.Release|Any CPU.ActiveCfg = Release|Any CPU
		{89C9D94D-40EE-49C7-98F0-8ABC76907879}.Release|Any CPU.Build.0 = Release|Any CPU
	EndGlobalSection
	GlobalSection(SolutionProperties) = preSolution
		HideSolutionNode = FALSE
	EndGlobalSection
	GlobalSection(NestedProjects) = preSolution
		{41A9D6C0-C833-403F-9BC1-EECDC246A428} = {E4620CFD-77B5-492A-BD24-D59707E33916}
		{5879D92A-F850-4A70-8D88-99D29F6A46F3} = {E4620CFD-77B5-492A-BD24-D59707E33916}
		{493D2F2F-E173-43DC-B76C-8EE078A7225B} = {D231FD9E-47E5-45F3-874F-7D9883DCC611}
		{D9501D34-B7CA-4FB2-89C4-6EF99D49D155} = {D231FD9E-47E5-45F3-874F-7D9883DCC611}
		{9AE33265-AF62-4A3F-B856-9BB74FD292F1} = {493D2F2F-E173-43DC-B76C-8EE078A7225B}
		{5148ED2A-41FA-409C-BB41-36806D98BF81} = {E817BF30-7A38-4D12-912D-4F03EA75010A}
		{DB7FB4B5-3662-479E-A7DA-26B73611BFD4} = {E817BF30-7A38-4D12-912D-4F03EA75010A}
		{4C0B5727-1A0D-49AD-9BFE-BEE56DB81A53} = {CEE64D80-FC93-48F5-99D8-9A8430FAC9BD}
		{3611BF28-56E2-4EC5-B0E2-EB844714ECA3} = {E2B764B0-A0C1-418A-B69C-6239F0FA76A2}
		{1389AC92-3759-400B-A253-285B93FA3DCE} = {E2B764B0-A0C1-418A-B69C-6239F0FA76A2}
		{08EFB01A-FA02-45CF-A0EB-C7B53B9FDC08} = {E2B764B0-A0C1-418A-B69C-6239F0FA76A2}
		{AAD11424-7372-493B-9A8F-28D2095F241C} = {28F1A46B-5960-4D39-A3EF-983965BC0FBC}
		{C91C9F2D-790C-4C4E-8705-58C7925BEBD9} = {28F1A46B-5960-4D39-A3EF-983965BC0FBC}
		{9BDA5E43-B846-483B-852A-F3DA0F354256} = {28F1A46B-5960-4D39-A3EF-983965BC0FBC}
		{1E6A6C44-3EED-4933-8FE3-0E9EC227469E} = {28F1A46B-5960-4D39-A3EF-983965BC0FBC}
		{DDE5362F-E083-421E-8AC7-B0B0133913C5} = {717981C9-A1A2-41EC-90C9-E70A7C0D3058}
		{C6B4AECF-7DAC-4908-868B-6DFA5513786F} = {717981C9-A1A2-41EC-90C9-E70A7C0D3058}
		{68F7BB42-D6A5-4443-9440-71FD0F257745} = {776972D5-615A-48C8-8365-920CFF8F73C4}
		{03120BF6-960B-4AD5-ABDB-B190037DA2C1} = {776972D5-615A-48C8-8365-920CFF8F73C4}
		{AA0E0276-05C6-475B-B604-2AB661926064} = {776972D5-615A-48C8-8365-920CFF8F73C4}
		{6D9352E9-123A-4026-9081-F95FA8C49ADF} = {776972D5-615A-48C8-8365-920CFF8F73C4}
		{89C9D94D-40EE-49C7-98F0-8ABC76907879} = {776972D5-615A-48C8-8365-920CFF8F73C4}
	EndGlobalSection
	GlobalSection(ExtensibilityGlobals) = postSolution
		SolutionGuid = {5EDD7573-CBE4-4640-8E16-F185F2B088F0}
	EndGlobalSection
EndGlobal
